
Microsoft Visual Studio Solution File, Format Version 12.00
# Visual Studio 14
VisualStudioVersion = 14.0.23107.0
MinimumVisualStudioVersion = 10.0.40219.1
Project("{FAE04EC0-301F-11D3-BF4B-00C04F79EFBC}") = "WebUI.SysSala", "WebUI.SysSala\WebUI.SysSala.csproj", "{4D5DA651-88FA-453C-9AEA-B80DA402149C}"
EndProject
Project("{2150E333-8FDC-42A3-9474-1A3956D46DE8}") = "Source", "Source", "{BF0B37E0-548D-4FB0-9C6E-08CFC820CA21}"
EndProject
Project("{2150E333-8FDC-42A3-9474-1A3956D46DE8}") = "WebUI", "WebUI", "{1A89CF87-A3C1-49C4-9581-30A9081A5156}"
EndProject
Project("{2150E333-8FDC-42A3-9474-1A3956D46DE8}") = "SysSala", "SysSala", "{F8487ECE-3992-4FB7-A79F-98A3D8C72F1D}"
EndProject
Project("{FAE04EC0-301F-11D3-BF4B-00C04F79EFBC}") = "SysSala.DTO", "SysSala.DTO\SysSala.DTO.csproj", "{6F49B565-0E25-46C3-820F-528676AF7053}"
EndProject
Project("{FAE04EC0-301F-11D3-BF4B-00C04F79EFBC}") = "SysSala.BLL", "SysSala.BLL\SysSala.BLL.csproj", "{F5B04620-C729-4400-8749-35A4465B4CE6}"
EndProject
Project("{FAE04EC0-301F-11D3-BF4B-00C04F79EFBC}") = "SysSala.DAL", "SysSala.DAL\SysSala.DAL.csproj", "{2F47944E-D40B-4906-A661-C79099605E96}"
EndProject
Global
	GlobalSection(SolutionConfigurationPlatforms) = preSolution
		Debug|Any CPU = Debug|Any CPU
		Release|Any CPU = Release|Any CPU
	EndGlobalSection
	GlobalSection(ProjectConfigurationPlatforms) = postSolution
		{4D5DA651-88FA-453C-9AEA-B80DA402149C}.Debug|Any CPU.ActiveCfg = Debug|Any CPU
		{4D5DA651-88FA-453C-9AEA-B80DA402149C}.Debug|Any CPU.Build.0 = Debug|Any CPU
		{4D5DA651-88FA-453C-9AEA-B80DA402149C}.Release|Any CPU.ActiveCfg = Release|Any CPU
		{4D5DA651-88FA-453C-9AEA-B80DA402149C}.Release|Any CPU.Build.0 = Release|Any CPU
		{6F49B565-0E25-46C3-820F-528676AF7053}.Debug|Any CPU.ActiveCfg = Debug|Any CPU
		{6F49B565-0E25-46C3-820F-528676AF7053}.Debug|Any CPU.Build.0 = Debug|Any CPU
		{6F49B565-0E25-46C3-820F-528676AF7053}.Release|Any CPU.ActiveCfg = Release|Any CPU
		{6F49B565-0E25-46C3-820F-528676AF7053}.Release|Any CPU.Build.0 = Release|Any CPU
		{F5B04620-C729-4400-8749-35A4465B4CE6}.Debug|Any CPU.ActiveCfg = Debug|Any CPU
		{F5B04620-C729-4400-8749-35A4465B4CE6}.Debug|Any CPU.Build.0 = Debug|Any CPU
		{F5B04620-C729-4400-8749-35A4465B4CE6}.Release|Any CPU.ActiveCfg = Release|Any CPU
		{F5B04620-C729-4400-8749-35A4465B4CE6}.Release|Any CPU.Build.0 = Release|Any CPU
		{2F47944E-D40B-4906-A661-C79099605E96}.Debug|Any CPU.ActiveCfg = Debug|Any CPU
		{2F47944E-D40B-4906-A661-C79099605E96}.Debug|Any CPU.Build.0 = Debug|Any CPU
		{2F47944E-D40B-4906-A661-C79099605E96}.Release|Any CPU.ActiveCfg = Release|Any CPU
		{2F47944E-D40B-4906-A661-C79099605E96}.Release|Any CPU.Build.0 = Release|Any CPU
	EndGlobalSection
	GlobalSection(SolutionProperties) = preSolution
		HideSolutionNode = FALSE
	EndGlobalSection
	GlobalSection(NestedProjects) = preSolution
		{4D5DA651-88FA-453C-9AEA-B80DA402149C} = {1A89CF87-A3C1-49C4-9581-30A9081A5156}
		{F8487ECE-3992-4FB7-A79F-98A3D8C72F1D} = {BF0B37E0-548D-4FB0-9C6E-08CFC820CA21}
		{6F49B565-0E25-46C3-820F-528676AF7053} = {F8487ECE-3992-4FB7-A79F-98A3D8C72F1D}
		{F5B04620-C729-4400-8749-35A4465B4CE6} = {F8487ECE-3992-4FB7-A79F-98A3D8C72F1D}
		{2F47944E-D40B-4906-A661-C79099605E96} = {F8487ECE-3992-4FB7-A79F-98A3D8C72F1D}
	EndGlobalSection
EndGlobal
